
Microsoft Visual Studio Solution File, Format Version 12.00
# Visual Studio Version 16
VisualStudioVersion = 16.0.30320.27
MinimumVisualStudioVersion = 10.0.40219.1
Project("{FAE04EC0-301F-11D3-BF4B-00C04F79EFBC}") = "TB_Control.API", "TB_Control.API\TB_Control.API.csproj", "{CC8E5F00-D2C6-473E-917B-4920D5496EFC}"
EndProject
Global
	GlobalSection(SolutionConfigurationPlatforms) = preSolution
		Debug|Any CPU = Debug|Any CPU
		Release|Any CPU = Release|Any CPU
	EndGlobalSection
	GlobalSection(ProjectConfigurationPlatforms) = postSolution
		{CC8E5F00-D2C6-473E-917B-4920D5496EFC}.Debug|Any CPU.ActiveCfg = Debug|Any CPU
		{CC8E5F00-D2C6-473E-917B-4920D5496EFC}.Debug|Any CPU.Build.0 = Debug|Any CPU
		{CC8E5F00-D2C6-473E-917B-4920D5496EFC}.Release|Any CPU.ActiveCfg = Release|Any CPU
		{CC8E5F00-D2C6-473E-917B-4920D5496EFC}.Release|Any CPU.Build.0 = Release|Any CPU
	EndGlobalSection
	GlobalSection(SolutionProperties) = preSolution
		HideSolutionNode = FALSE
	EndGlobalSection
	GlobalSection(ExtensibilityGlobals) = postSolution
		SolutionGuid = {01FB6E4B-4E57-44F1-ACCD-F409EA6820BE}
	EndGlobalSection
EndGlobal
